{
  "name": "emojese",
  "version": "0.0.1",
  "lockfileVersion": 2,
  "requires": true,
  "packages": {
    "": {
      "version": "0.0.1",
      "dependencies": {
        "@explorablegraph/core": "0.0.2",
        "@explorablegraph/eg": "0.0.2",
        "@explorablegraph/exlang": "0.0.2",
        "@explorablegraph/node": "0.0.2",
        "@explorablegraph/symbols": "0.0.2",
        "@explorablegraph/webserver": "0.0.2",
        "elix": "git+https://github.com/elix/elix#master"
      },
      "engines": {
        "node": "v14.15.0"
      }
    },
    "node_modules/@explorablegraph/core": {
      "version": "0.0.2",
      "resolved": "https://registry.npmjs.org/@explorablegraph/core/-/core-0.0.2.tgz",
      "integrity": "sha512-nWxVLxXSBuqo0j12kJYVbRW6uUAOSIjp6zxlGO1f3ufOgKQPAdsTaGz+iBDVAL9a9KEvw/61tMM7zulhLC1mBg=="
    },
    "node_modules/@explorablegraph/eg": {
      "version": "0.0.2",
      "resolved": "https://registry.npmjs.org/@explorablegraph/eg/-/eg-0.0.2.tgz",
      "integrity": "sha512-3RFX8Yn4r7oItWcFTJDtrJPlMzyFbrn1s4UANsC9WRMSf+drB0i62jvC0hMTDp+VY39E7/gR8uuZ2uMS/fo12w==",
      "dependencies": {
        "yaml": "1.10.0"
      },
      "bin": {
        "eg": "src/eg.js"
      }
    },
    "node_modules/@explorablegraph/exlang": {
      "version": "0.0.2",
      "resolved": "https://registry.npmjs.org/@explorablegraph/exlang/-/exlang-0.0.2.tgz",
      "integrity": "sha512-B000iVCFFsBTKUaDqT4C3W6XDP/344ZVD2B+g7afX2e4wABCSSN6/pYUqTBVjZDDCCRer23LZy0Qe8zqDDUe/Q==",
      "bin": {
        "evaluate-cli": "src/evaluate-cli.js",
        "parse-cli": "src/parse-cli.js"
      }
    },
    "node_modules/@explorablegraph/node": {
      "version": "0.0.2",
      "resolved": "https://registry.npmjs.org/@explorablegraph/node/-/node-0.0.2.tgz",
      "integrity": "sha512-DTl0xZBvWGP5YEEQMISokFL55q+Cf8tayUEAARxSTRVTNGKQjBcZCpKic2ZWIMtYBurXvfbNBq1ZOCWA1aYoJA=="
    },
    "node_modules/@explorablegraph/symbols": {
      "version": "0.0.2",
      "resolved": "https://registry.npmjs.org/@explorablegraph/symbols/-/symbols-0.0.2.tgz",
      "integrity": "sha512-EN8Ztw6rb08mkbwKcZ579jWdxV1klfbrcBq7yx4dKZUGcpqCc9ssJycdbuSoxI72IzQw6TWJTiKaVfNfwOv8LQ=="
    },
    "node_modules/@explorablegraph/webserver": {
      "version": "0.0.2",
      "resolved": "https://registry.npmjs.org/@explorablegraph/webserver/-/webserver-0.0.2.tgz",
      "integrity": "sha512-HX3sGaafpq3jExKdT0+59WGQiYN/SJu75z9ayPt7VFOmQt2JbIT5PGzCOD2tZqwiGiphy2o2EI3uxQK3Dzvjtw=="
    },
    "node_modules/elix": {
      "version": "14.1.1",
      "resolved": "git+ssh://git@github.com/elix/elix.git#7f64b41f98fe129911ce8b07d42cf3b338d1b43b",
      "license": "MIT"
    },
    "node_modules/yaml": {
      "version": "1.10.0",
      "resolved": "https://registry.npmjs.org/yaml/-/yaml-1.10.0.tgz",
      "integrity": "sha512-yr2icI4glYaNG+KWONODapy2/jDdMSDnrONSjblABjD9B4Z5LgiircSt8m8sRZFNi08kG9Sm0uSHtEmP3zaEGg==",
      "engines": {
        "node": ">= 6"
      }
    }
  },
  "dependencies": {
    "@explorablegraph/core": {
      "version": "0.0.2",
      "resolved": "https://registry.npmjs.org/@explorablegraph/core/-/core-0.0.2.tgz",
      "integrity": "sha512-nWxVLxXSBuqo0j12kJYVbRW6uUAOSIjp6zxlGO1f3ufOgKQPAdsTaGz+iBDVAL9a9KEvw/61tMM7zulhLC1mBg=="
    },
    "@explorablegraph/eg": {
      "version": "0.0.2",
      "resolved": "https://registry.npmjs.org/@explorablegraph/eg/-/eg-0.0.2.tgz",
      "integrity": "sha512-3RFX8Yn4r7oItWcFTJDtrJPlMzyFbrn1s4UANsC9WRMSf+drB0i62jvC0hMTDp+VY39E7/gR8uuZ2uMS/fo12w==",
      "requires": {
        "yaml": "1.10.0"
      }
    },
    "@explorablegraph/exlang": {
      "version": "0.0.2",
      "resolved": "https://registry.npmjs.org/@explorablegraph/exlang/-/exlang-0.0.2.tgz",
      "integrity": "sha512-B000iVCFFsBTKUaDqT4C3W6XDP/344ZVD2B+g7afX2e4wABCSSN6/pYUqTBVjZDDCCRer23LZy0Qe8zqDDUe/Q=="
    },
    "@explorablegraph/node": {
      "version": "0.0.2",
      "resolved": "https://registry.npmjs.org/@explorablegraph/node/-/node-0.0.2.tgz",
      "integrity": "sha512-DTl0xZBvWGP5YEEQMISokFL55q+Cf8tayUEAARxSTRVTNGKQjBcZCpKic2ZWIMtYBurXvfbNBq1ZOCWA1aYoJA=="
    },
    "@explorablegraph/symbols": {
      "version": "0.0.2",
      "resolved": "https://registry.npmjs.org/@explorablegraph/symbols/-/symbols-0.0.2.tgz",
      "integrity": "sha512-EN8Ztw6rb08mkbwKcZ579jWdxV1klfbrcBq7yx4dKZUGcpqCc9ssJycdbuSoxI72IzQw6TWJTiKaVfNfwOv8LQ=="
    },
    "@explorablegraph/webserver": {
      "version": "0.0.2",
      "resolved": "https://registry.npmjs.org/@explorablegraph/webserver/-/webserver-0.0.2.tgz",
      "integrity": "sha512-HX3sGaafpq3jExKdT0+59WGQiYN/SJu75z9ayPt7VFOmQt2JbIT5PGzCOD2tZqwiGiphy2o2EI3uxQK3Dzvjtw=="
    },
    "elix": {
      "version": "git+ssh://git@github.com/elix/elix.git#7f64b41f98fe129911ce8b07d42cf3b338d1b43b",
      "from": "elix@git+https://github.com/elix/elix#master"
    },
    "yaml": {
      "version": "1.10.0",
      "resolved": "https://registry.npmjs.org/yaml/-/yaml-1.10.0.tgz",
      "integrity": "sha512-yr2icI4glYaNG+KWONODapy2/jDdMSDnrONSjblABjD9B4Z5LgiircSt8m8sRZFNi08kG9Sm0uSHtEmP3zaEGg=="
    }
  }
}
