{
  "name": "emojese",
  "version": "0.0.1",
  "lockfileVersion": 2,
  "requires": true,
  "packages": {
    "": {
      "version": "0.0.1",
      "dependencies": {
        "@explorablegraph/eg": "0.0.2-e",
        "elix": "14.1.1-b",
        "graphemer": "1.1.1"
      },
      "engines": {
        "node": "v14.15.0"
      }
    },
    "node_modules/@explorablegraph/core": {
      "version": "0.0.2-d",
      "resolved": "https://registry.npmjs.org/@explorablegraph/core/-/core-0.0.2-d.tgz",
      "integrity": "sha512-9Kjx1vnImIvOFChxgJgklWtIIOlj1EeWZTBScGx2a1CmnR+Bt/UOvFgMMmcaa3V+cGtbFqCZwqYtDcv269YBVw==",
      "dependencies": {
        "@explorablegraph/symbols": "0.0.2-d"
      }
    },
    "node_modules/@explorablegraph/eg": {
      "version": "0.0.2-e",
      "resolved": "https://registry.npmjs.org/@explorablegraph/eg/-/eg-0.0.2-e.tgz",
      "integrity": "sha512-GjDvYFN0fFFGbpw9Ukw8mZH0Ym/d3LsnX20FJ4CkF6hS9+itwLjGHE43JJGO9rikwEri1BQicm3Z57I7rbg3TQ==",
      "dependencies": {
        "@explorablegraph/core": "0.0.2-d",
        "@explorablegraph/exlang": "0.0.2-d",
        "@explorablegraph/graphviz": "0.0.2-d",
        "@explorablegraph/integrations": "0.0.2-d",
        "@explorablegraph/node": "0.0.2-d",
        "@explorablegraph/web": "0.0.2-c",
        "@explorablegraph/webserver": "0.0.2-d",
        "yaml": "1.10.0"
      },
      "bin": {
        "eg": "src/eg.js"
      }
    },
    "node_modules/@explorablegraph/exlang": {
      "version": "0.0.2-d",
      "resolved": "https://registry.npmjs.org/@explorablegraph/exlang/-/exlang-0.0.2-d.tgz",
      "integrity": "sha512-ds0Vq4QfwTPojzwlpfWYzu2aLdHaFtd8f1h+4cqYkg7ELnZDvLUL+9PjqQx8LsJxXfYxR8GcASv7/RThfop2iQ==",
      "dependencies": {
        "@explorablegraph/core": "0.0.2-d"
      }
    },
    "node_modules/@explorablegraph/graphviz": {
      "version": "0.0.2-d",
      "resolved": "https://registry.npmjs.org/@explorablegraph/graphviz/-/graphviz-0.0.2-d.tgz",
      "integrity": "sha512-KCUsZan+dAEQauv8hl2bE/ERyLEU7omrjjV/7DRiC5aSf2W308IUAUhvFHP3/B9B52SL/UBy6+2USzvj2VEWeg==",
      "dependencies": {
        "@explorablegraph/core": "0.0.2-d",
        "@explorablegraph/symbols": "0.0.2-d"
      }
    },
    "node_modules/@explorablegraph/integrations": {
      "version": "0.0.2-d",
      "resolved": "https://registry.npmjs.org/@explorablegraph/integrations/-/integrations-0.0.2-d.tgz",
      "integrity": "sha512-ak6F42Uhp3NWlmIaQYgmbDbKtXfsku5cfzX0VMcQKidsnjceiGwLhOxNi6cdFGUAln7IhliLcVk/MiuhwsSNYw==",
      "dependencies": {
        "@explorablegraph/core": "0.0.2-d",
        "node-fetch": "2.6.1"
      }
    },
    "node_modules/@explorablegraph/node": {
      "version": "0.0.2-d",
      "resolved": "https://registry.npmjs.org/@explorablegraph/node/-/node-0.0.2-d.tgz",
      "integrity": "sha512-Ki9mUrVZdRm8ljIVlzlruCaIy+nNtAXRPPHW/hUwphC9XTmAvye6K2eqOjsQIvNOg5QmP9k1gVZ+1xbXI0+NaA==",
      "dependencies": {
        "@explorablegraph/core": "0.0.2-d",
        "@explorablegraph/symbols": "0.0.2-d"
      }
    },
    "node_modules/@explorablegraph/symbols": {
      "version": "0.0.2-d",
      "resolved": "https://registry.npmjs.org/@explorablegraph/symbols/-/symbols-0.0.2-d.tgz",
      "integrity": "sha512-JjkkKQnX+Fjr+kXM3RG/wXfCjXQFWnOg+QPIrjg4/TrYQrgm6D83cAN1oxMwyDF/T10au0XkWoig4T//Oa2XYg=="
    },
    "node_modules/@explorablegraph/web": {
      "version": "0.0.2-c",
      "resolved": "https://registry.npmjs.org/@explorablegraph/web/-/web-0.0.2-c.tgz",
      "integrity": "sha512-BwL8BoMDF2sEzeM+r35uFB/vuPwRKznjwU4ubpC0gSczp8FhywAfFdLjTw7mxkEj9/hX8bN9P0qe9dNgGmxmtg==",
      "dependencies": {
        "node-fetch": "2.6.1"
      }
    },
    "node_modules/@explorablegraph/webserver": {
      "version": "0.0.2-d",
      "resolved": "https://registry.npmjs.org/@explorablegraph/webserver/-/webserver-0.0.2-d.tgz",
      "integrity": "sha512-7fuRX/mYMG173NDf6xPFIbZBDp09QPVfTGe6/vlB0wXbB6fbGQQRcpgNfXybGUBU5G2rixKNwOj1q/2GZl5Tkg==",
      "dependencies": {
        "@explorablegraph/core": "0.0.2-d",
        "@explorablegraph/symbols": "0.0.2-d"
      }
    },
    "node_modules/elix": {
      "version": "14.1.1-b",
      "resolved": "https://registry.npmjs.org/elix/-/elix-14.1.1-b.tgz",
      "integrity": "sha512-XsR6BZ8/ZPJeuIrYmBjg007p1496zCst4TY+A+mQhiY+VH04baxyj/Ji8n5yE/DRwQvzv0/FDyqRLDwFqq4vOg=="
    },
    "node_modules/graphemer": {
      "version": "1.1.1",
      "resolved": "https://registry.npmjs.org/graphemer/-/graphemer-1.1.1.tgz",
      "integrity": "sha512-MpnucZlOUehL4juSASYPukoer5rOvKg56Gm/qfyeNjNQgtOqyIEo25/ZGz8nnYDSOecl6w03vy2CKL1DToLcig=="
    },
    "node_modules/node-fetch": {
      "version": "2.6.1",
      "resolved": "https://registry.npmjs.org/node-fetch/-/node-fetch-2.6.1.tgz",
      "integrity": "sha512-V4aYg89jEoVRxRb2fJdAg8FHvI7cEyYdVAh94HH0UIK8oJxUfkjlDQN9RbMx+bEjP7+ggMiFRprSti032Oipxw==",
      "engines": {
        "node": "4.x || >=6.0.0"
      }
    },
    "node_modules/yaml": {
      "version": "1.10.0",
      "resolved": "https://registry.npmjs.org/yaml/-/yaml-1.10.0.tgz",
      "integrity": "sha512-yr2icI4glYaNG+KWONODapy2/jDdMSDnrONSjblABjD9B4Z5LgiircSt8m8sRZFNi08kG9Sm0uSHtEmP3zaEGg==",
      "engines": {
        "node": ">= 6"
      }
    }
  },
  "dependencies": {
    "@explorablegraph/core": {
      "version": "0.0.2-d",
      "resolved": "https://registry.npmjs.org/@explorablegraph/core/-/core-0.0.2-d.tgz",
      "integrity": "sha512-9Kjx1vnImIvOFChxgJgklWtIIOlj1EeWZTBScGx2a1CmnR+Bt/UOvFgMMmcaa3V+cGtbFqCZwqYtDcv269YBVw==",
      "requires": {
        "@explorablegraph/symbols": "0.0.2-d"
      }
    },
    "@explorablegraph/eg": {
      "version": "0.0.2-e",
      "resolved": "https://registry.npmjs.org/@explorablegraph/eg/-/eg-0.0.2-e.tgz",
      "integrity": "sha512-GjDvYFN0fFFGbpw9Ukw8mZH0Ym/d3LsnX20FJ4CkF6hS9+itwLjGHE43JJGO9rikwEri1BQicm3Z57I7rbg3TQ==",
      "requires": {
        "@explorablegraph/core": "0.0.2-d",
        "@explorablegraph/exlang": "0.0.2-d",
        "@explorablegraph/graphviz": "0.0.2-d",
        "@explorablegraph/integrations": "0.0.2-d",
        "@explorablegraph/node": "0.0.2-d",
        "@explorablegraph/web": "0.0.2-c",
        "@explorablegraph/webserver": "0.0.2-d",
        "yaml": "1.10.0"
      }
    },
    "@explorablegraph/exlang": {
      "version": "0.0.2-d",
      "resolved": "https://registry.npmjs.org/@explorablegraph/exlang/-/exlang-0.0.2-d.tgz",
      "integrity": "sha512-ds0Vq4QfwTPojzwlpfWYzu2aLdHaFtd8f1h+4cqYkg7ELnZDvLUL+9PjqQx8LsJxXfYxR8GcASv7/RThfop2iQ==",
      "requires": {
        "@explorablegraph/core": "0.0.2-d"
      }
    },
    "@explorablegraph/graphviz": {
      "version": "0.0.2-d",
      "resolved": "https://registry.npmjs.org/@explorablegraph/graphviz/-/graphviz-0.0.2-d.tgz",
      "integrity": "sha512-KCUsZan+dAEQauv8hl2bE/ERyLEU7omrjjV/7DRiC5aSf2W308IUAUhvFHP3/B9B52SL/UBy6+2USzvj2VEWeg==",
      "requires": {
        "@explorablegraph/core": "0.0.2-d",
        "@explorablegraph/symbols": "0.0.2-d"
      }
    },
    "@explorablegraph/integrations": {
      "version": "0.0.2-d",
      "resolved": "https://registry.npmjs.org/@explorablegraph/integrations/-/integrations-0.0.2-d.tgz",
      "integrity": "sha512-ak6F42Uhp3NWlmIaQYgmbDbKtXfsku5cfzX0VMcQKidsnjceiGwLhOxNi6cdFGUAln7IhliLcVk/MiuhwsSNYw==",
      "requires": {
        "@explorablegraph/core": "0.0.2-d",
        "node-fetch": "2.6.1"
      }
    },
    "@explorablegraph/node": {
      "version": "0.0.2-d",
      "resolved": "https://registry.npmjs.org/@explorablegraph/node/-/node-0.0.2-d.tgz",
      "integrity": "sha512-Ki9mUrVZdRm8ljIVlzlruCaIy+nNtAXRPPHW/hUwphC9XTmAvye6K2eqOjsQIvNOg5QmP9k1gVZ+1xbXI0+NaA==",
      "requires": {
        "@explorablegraph/core": "0.0.2-d",
        "@explorablegraph/symbols": "0.0.2-d"
      }
    },
    "@explorablegraph/symbols": {
      "version": "0.0.2-d",
      "resolved": "https://registry.npmjs.org/@explorablegraph/symbols/-/symbols-0.0.2-d.tgz",
      "integrity": "sha512-JjkkKQnX+Fjr+kXM3RG/wXfCjXQFWnOg+QPIrjg4/TrYQrgm6D83cAN1oxMwyDF/T10au0XkWoig4T//Oa2XYg=="
    },
    "@explorablegraph/web": {
      "version": "0.0.2-c",
      "resolved": "https://registry.npmjs.org/@explorablegraph/web/-/web-0.0.2-c.tgz",
      "integrity": "sha512-BwL8BoMDF2sEzeM+r35uFB/vuPwRKznjwU4ubpC0gSczp8FhywAfFdLjTw7mxkEj9/hX8bN9P0qe9dNgGmxmtg==",
      "requires": {
        "node-fetch": "2.6.1"
      }
    },
    "@explorablegraph/webserver": {
      "version": "0.0.2-d",
      "resolved": "https://registry.npmjs.org/@explorablegraph/webserver/-/webserver-0.0.2-d.tgz",
      "integrity": "sha512-7fuRX/mYMG173NDf6xPFIbZBDp09QPVfTGe6/vlB0wXbB6fbGQQRcpgNfXybGUBU5G2rixKNwOj1q/2GZl5Tkg==",
      "requires": {
        "@explorablegraph/core": "0.0.2-d",
        "@explorablegraph/symbols": "0.0.2-d"
      }
    },
    "elix": {
      "version": "14.1.1-b",
      "resolved": "https://registry.npmjs.org/elix/-/elix-14.1.1-b.tgz",
      "integrity": "sha512-XsR6BZ8/ZPJeuIrYmBjg007p1496zCst4TY+A+mQhiY+VH04baxyj/Ji8n5yE/DRwQvzv0/FDyqRLDwFqq4vOg=="
    },
    "graphemer": {
      "version": "1.1.1",
      "resolved": "https://registry.npmjs.org/graphemer/-/graphemer-1.1.1.tgz",
      "integrity": "sha512-MpnucZlOUehL4juSASYPukoer5rOvKg56Gm/qfyeNjNQgtOqyIEo25/ZGz8nnYDSOecl6w03vy2CKL1DToLcig=="
    },
    "node-fetch": {
      "version": "2.6.1",
      "resolved": "https://registry.npmjs.org/node-fetch/-/node-fetch-2.6.1.tgz",
      "integrity": "sha512-V4aYg89jEoVRxRb2fJdAg8FHvI7cEyYdVAh94HH0UIK8oJxUfkjlDQN9RbMx+bEjP7+ggMiFRprSti032Oipxw=="
    },
    "yaml": {
      "version": "1.10.0",
      "resolved": "https://registry.npmjs.org/yaml/-/yaml-1.10.0.tgz",
      "integrity": "sha512-yr2icI4glYaNG+KWONODapy2/jDdMSDnrONSjblABjD9B4Z5LgiircSt8m8sRZFNi08kG9Sm0uSHtEmP3zaEGg=="
    }
  }
}
